{
  "object": {
    "pins": [
      {
        "package": "HealthCore",
        "repositoryURL": "https://github.com/Somnify/HealthCore.git",
        "state": {
          "branch": "HeartbeatSeriesImprovements",
          "revision": "1051539140c35f7accaaa46875f89af249092ed8",
          "version": null
        }
      },
      {
        "package": "SomnifyDependencies",
        "repositoryURL": "https://github.com/Somnify/SomnifyDependencies.git",
        "state": {
          "branch": "dev",
          "revision": "d1ee71c91b05bedc8bdb35cb51b7046e4e7b8ea2",
          "version": null
        }
      }
    ]
  },
  "version": 1
}
