{
  "object": {
    "pins": [
      {
        "package": "HealthCore",
        "repositoryURL": "https://github.com/Somnify/HealthCore.git",
        "state": {
          "branch": null,
          "revision": "6f40354d559d3ccd983aca8cd1a17aa1ed8eb9a6",
          "version": "1.0.5"
        }
      },
      {
        "package": "SomnifyDependencies",
        "repositoryURL": "https://github.com/Somnify/SomnifyDependencies.git",
        "state": {
          "branch": null,
          "revision": "9b83ce5548c7805cee9211cbfab5bf6faa8503e5",
          "version": "1.2.1"
        }
      }
    ]
  },
  "version": 1
}
