{
  "object": {
    "pins": [
      {
        "package": "HealthCore",
        "repositoryURL": "https://github.com/Somnify/HealthCore.git",
        "state": {
          "branch": "dev",
          "revision": "9e0f5e03844250f2cd9a3e447e00b14125b6e2aa",
          "version": null
        }
      },
      {
        "package": "SomnifyDependencies",
        "repositoryURL": "https://github.com/Somnify/SomnifyDependencies.git",
        "state": {
          "branch": "dev",
          "revision": "d1ee71c91b05bedc8bdb35cb51b7046e4e7b8ea2",
          "version": null
        }
      }
    ]
  },
  "version": 1
}
